Microsoft Visual Studio Solution File, Format Version 11.00
# Visual Studio 2008

Project("{EADF9776-0297-5230-2F50-B04D91E5404A}") = "SGJ2012", "Assembly-CSharp-firstpass.csproj", "{7480E802-E6A1-CA8F-8763-545850C7ED5E}"
EndProject
Project("{EADF9776-0297-5230-2F50-B04D91E5404A}") = "SGJ2012", "Assembly-UnityScript-firstpass.unityproj", "{4D9FA6D7-A32E-A4A9-6CDD-6D723A95A017}"
EndProject
Project("{EADF9776-0297-5230-2F50-B04D91E5404A}") = "SGJ2012", "Assembly-UnityScript.unityproj", "{D69C4AA8-A880-8AF4-7CE4-EEBFF200102A}"
EndProject
Global
	GlobalSection(SolutionConfigurationPlatforms) = preSolution
		Debug|Any CPU = Debug|Any CPU
		Release|Any CPU = Release|Any CPU
	EndGlobalSection
	GlobalSection(ProjectConfigurationPlatforms) = postSolution
		{7480E802-E6A1-CA8F-8763-545850C7ED5E}.Debug|Any CPU.ActiveCfg = Debug|Any CPU
		{7480E802-E6A1-CA8F-8763-545850C7ED5E}.Debug|Any CPU.Build.0 = Debug|Any CPU
		{7480E802-E6A1-CA8F-8763-545850C7ED5E}.Release|Any CPU.ActiveCfg = Release|Any CPU
		{7480E802-E6A1-CA8F-8763-545850C7ED5E}.Release|Any CPU.Build.0 = Release|Any CPU
		{4D9FA6D7-A32E-A4A9-6CDD-6D723A95A017}.Debug|Any CPU.ActiveCfg = Debug|Any CPU
		{4D9FA6D7-A32E-A4A9-6CDD-6D723A95A017}.Debug|Any CPU.Build.0 = Debug|Any CPU
		{4D9FA6D7-A32E-A4A9-6CDD-6D723A95A017}.Release|Any CPU.ActiveCfg = Release|Any CPU
		{4D9FA6D7-A32E-A4A9-6CDD-6D723A95A017}.Release|Any CPU.Build.0 = Release|Any CPU
		{D69C4AA8-A880-8AF4-7CE4-EEBFF200102A}.Debug|Any CPU.ActiveCfg = Debug|Any CPU
		{D69C4AA8-A880-8AF4-7CE4-EEBFF200102A}.Debug|Any CPU.Build.0 = Debug|Any CPU
		{D69C4AA8-A880-8AF4-7CE4-EEBFF200102A}.Release|Any CPU.ActiveCfg = Release|Any CPU
		{D69C4AA8-A880-8AF4-7CE4-EEBFF200102A}.Release|Any CPU.Build.0 = Release|Any CPU
	EndGlobalSection
	GlobalSection(SolutionProperties) = preSolution
		HideSolutionNode = FALSE
	EndGlobalSection
								GlobalSection(MonoDevelopProperties) = preSolution
		StartupItem = Assembly-CSharp.csproj
		Policies = $0
		$0.TextStylePolicy = $1
		$1.inheritsSet = null
		$1.scope = text/x-csharp
		$0.CSharpFormattingPolicy = $2
		$2.inheritsSet = Mono
		$2.inheritsScope = text/x-csharp
		$2.scope = text/x-csharp
		$0.TextStylePolicy = $3
		$3.FileWidth = 120
		$3.TabWidth = 4
		$3.EolMarker = Unix
		$3.inheritsSet = Mono
		$3.inheritsScope = text/plain
		$3.scope = text/plain
	EndGlobalSection

EndGlobal
